{
  "name": "locksmith",
  "version": "1.0.0",
  "lockfileVersion": 1,
  "requires": true,
  "dependencies": {
    "assert-error": {
      "version": "1.0.3",
      "resolved": "https://registry.npmjs.org/assert-error/-/assert-error-1.0.3.tgz",
      "integrity": "sha1-ReesJZtc7gOVOthHnEeNm0zLNBs="
    },
    "base-conversion": {
      "version": "3.3.0",
      "resolved": "https://registry.npmjs.org/base-conversion/-/base-conversion-3.3.0.tgz",
      "integrity": "sha1-XPNs92QsYv6SpYjGZKolQEdnqYM=",
      "requires": {
        "base-conversion-from-dec": "2.2.0",
        "base-conversion-to-dec": "2.3.0",
        "core-arbitrary-precision": "2.1.0",
        "div-arbitrary-precision": "1.1.0",
        "floating-adapter": "1.4.1",
        "mod-arbitrary-precision": "1.1.0",
        "plus-arbitrary-precision": "1.1.0",
        "pow-arbitrary-precision": "2.1.0",
        "ramda": "0.19.1",
        "string-translate": "1.1.1",
        "times-arbitrary-precision": "1.1.0",
        "to-decimal-arbitrary-precision": "1.0.2"
      }
    },
    "base-conversion-from-dec": {
      "version": "2.2.0",
      "resolved": "https://registry.npmjs.org/base-conversion-from-dec/-/base-conversion-from-dec-2.2.0.tgz",
      "integrity": "sha1-WRFF4tvhywZ3D6Miwq3cSnA0iHY=",
      "requires": {
        "core-arbitrary-precision": "2.1.0",
        "div-arbitrary-precision": "1.1.0",
        "floating-adapter": "1.4.1",
        "mod-arbitrary-precision": "1.1.0",
        "positional-notation": "2.0.0",
        "ramda": "0.19.1",
        "to-decimal-arbitrary-precision": "1.0.2"
      }
    },
    "base-conversion-to-dec": {
      "version": "2.3.0",
      "resolved": "https://registry.npmjs.org/base-conversion-to-dec/-/base-conversion-to-dec-2.3.0.tgz",
      "integrity": "sha1-jE5jfERgoJSboasfDVK8rnq8ZW8=",
      "requires": {
        "core-arbitrary-precision": "2.1.0",
        "floating-adapter": "1.4.1",
        "plus-arbitrary-precision": "1.1.0",
        "positional-notation": "2.0.0",
        "pow-arbitrary-precision": "2.1.0",
        "ramda": "0.19.1",
        "times-arbitrary-precision": "1.1.0",
        "to-decimal-arbitrary-precision": "1.0.2"
      }
    },
    "binary-op-arbitrary-precision": {
      "version": "1.4.0",
      "resolved": "https://registry.npmjs.org/binary-op-arbitrary-precision/-/binary-op-arbitrary-precision-1.4.0.tgz",
      "integrity": "sha1-jktWUU9Af3WaeZm71oawVNA9ydE=",
      "requires": {
        "lodash.identity": "3.0.0",
        "lodash.isundefined": "3.0.1",
        "unsupported": "1.1.0"
      }
    },
    "binary-to-string": {
      "version": "0.1.2",
      "resolved": "https://registry.npmjs.org/binary-to-string/-/binary-to-string-0.1.2.tgz",
      "integrity": "sha1-wS3MXbkVKtL6/odv3WGGjERgnTY="
    },
    "core-arbitrary-precision": {
      "version": "2.1.0",
      "resolved": "https://registry.npmjs.org/core-arbitrary-precision/-/core-arbitrary-precision-2.1.0.tgz",
      "integrity": "sha1-+H2tNK4SPFn5kJhcPBQ/wiia0VA=",
      "requires": {
        "assert-error": "1.0.3",
        "lodash.isstring": "3.0.1"
      }
    },
    "div-arbitrary-precision": {
      "version": "1.1.0",
      "resolved": "https://registry.npmjs.org/div-arbitrary-precision/-/div-arbitrary-precision-1.1.0.tgz",
      "integrity": "sha1-d9llVd7Yx/DkchoZmWCF2keLjlc=",
      "requires": {
        "binary-op-arbitrary-precision": "1.4.0"
      }
    },
    "floating": {
      "version": "2.0.0",
      "resolved": "https://registry.npmjs.org/floating/-/floating-2.0.0.tgz",
      "integrity": "sha1-GntzoOn8HH5b8mB7fPn29MN++2c="
    },
    "floating-adapter": {
      "version": "1.4.1",
      "resolved": "https://registry.npmjs.org/floating-adapter/-/floating-adapter-1.4.1.tgz",
      "integrity": "sha1-oxM+poScCsf67BvnZYb36zgz3og=",
      "requires": {
        "floating": "2.0.0"
      }
    },
    "lodash.identity": {
      "version": "3.0.0",
      "resolved": "https://registry.npmjs.org/lodash.identity/-/lodash.identity-3.0.0.tgz",
      "integrity": "sha1-rXvGpOZH15yXLhuA/u968VYmeHY="
    },
    "lodash.isstring": {
      "version": "3.0.1",
      "resolved": "https://registry.npmjs.org/lodash.isstring/-/lodash.isstring-3.0.1.tgz",
      "integrity": "sha1-QWOJROoELvZ61nwpOqVB0/PW5Tw="
    },
    "lodash.isundefined": {
      "version": "3.0.1",
      "resolved": "https://registry.npmjs.org/lodash.isundefined/-/lodash.isundefined-3.0.1.tgz",
      "integrity": "sha1-I+89lTVWUgOmbO/VuDD4SJEa+0g="
    },
    "mod-arbitrary-precision": {
      "version": "1.1.0",
      "resolved": "https://registry.npmjs.org/mod-arbitrary-precision/-/mod-arbitrary-precision-1.1.0.tgz",
      "integrity": "sha1-bME9JK0PQKazkgN44fNelVJwtxU=",
      "requires": {
        "binary-op-arbitrary-precision": "1.4.0"
      }
    },
    "plus-arbitrary-precision": {
      "version": "1.1.0",
      "resolved": "https://registry.npmjs.org/plus-arbitrary-precision/-/plus-arbitrary-precision-1.1.0.tgz",
      "integrity": "sha1-QBJA4Zj/OXC7pKQoZ61sdt8ysv0=",
      "requires": {
        "binary-op-arbitrary-precision": "1.4.0"
      }
    },
    "positional-notation": {
      "version": "2.0.0",
      "resolved": "https://registry.npmjs.org/positional-notation/-/positional-notation-2.0.0.tgz",
      "integrity": "sha1-VieG4/D2vGTbNrquzcFxD71GCgA=",
      "requires": {
        "core-arbitrary-precision": "2.1.0",
        "floating-adapter": "1.4.1",
        "pow-arbitrary-precision": "2.1.0",
        "ramda": "0.19.1",
        "times-arbitrary-precision": "1.1.0",
        "to-decimal-arbitrary-precision": "1.0.2"
      }
    },
    "pow-arbitrary-precision": {
      "version": "2.1.0",
      "resolved": "https://registry.npmjs.org/pow-arbitrary-precision/-/pow-arbitrary-precision-2.1.0.tgz",
      "integrity": "sha1-nfcaVaIuzytzn8lDxf18BCZzPGw=",
      "requires": {
        "binary-op-arbitrary-precision": "1.4.0"
      }
    },
    "ramda": {
      "version": "0.19.1",
      "resolved": "https://registry.npmjs.org/ramda/-/ramda-0.19.1.tgz",
      "integrity": "sha1-icStaXJl/2sfrOnyhkOeJSDWZ5w="
    },
    "string-to-binary": {
      "version": "0.1.2",
      "resolved": "https://registry.npmjs.org/string-to-binary/-/string-to-binary-0.1.2.tgz",
      "integrity": "sha1-jdZWr2ZgQbPLUGOwaiP7HeBRGyY="
    },
    "string-translate": {
      "version": "1.1.1",
      "resolved": "https://registry.npmjs.org/string-translate/-/string-translate-1.1.1.tgz",
      "integrity": "sha1-4dmIXVil0rV7cCwHL47epolBy8E=",
      "requires": {
        "ramda": "0.19.1"
      }
    },
    "times-arbitrary-precision": {
      "version": "1.1.0",
      "resolved": "https://registry.npmjs.org/times-arbitrary-precision/-/times-arbitrary-precision-1.1.0.tgz",
      "integrity": "sha1-nf6avVBk0Ei4nrOW74SmElyCdCY=",
      "requires": {
        "binary-op-arbitrary-precision": "1.4.0"
      }
    },
    "to-decimal-arbitrary-precision": {
      "version": "1.0.2",
      "resolved": "https://registry.npmjs.org/to-decimal-arbitrary-precision/-/to-decimal-arbitrary-precision-1.0.2.tgz",
      "integrity": "sha1-yfaEneP8j+2oFXNTFREtkA//rhU="
    },
    "unsupported": {
      "version": "1.1.0",
      "resolved": "https://registry.npmjs.org/unsupported/-/unsupported-1.1.0.tgz",
      "integrity": "sha1-xYeJryig4/tFzLJzSjCt0Umn9Nw=",
      "requires": {
        "lodash.isundefined": "3.0.1"
      }
    },
    "validate.io-binary-string": {
      "version": "1.0.0",
      "resolved": "https://registry.npmjs.org/validate.io-binary-string/-/validate.io-binary-string-1.0.0.tgz",
      "integrity": "sha1-V/dpZ95VvX1h/bq0amXezQYF8hw=",
      "requires": {
        "validate.io-string-primitive": "1.0.1"
      }
    },
    "validate.io-string-primitive": {
      "version": "1.0.1",
      "resolved": "https://registry.npmjs.org/validate.io-string-primitive/-/validate.io-string-primitive-1.0.1.tgz",
      "integrity": "sha1-uBNbn7E3K94C/dU60dDM1t55j+4="
    }
  }
}
